// !$*UTF8*$!
{
	archiveVersion = 1;
	classes = {
	};
	objectVersion = 46;
	objects = {

/* Begin PBXBuildFile section */
		DB128CB81CA97E540086FEE6 /* AppDelegate.swift in Sources */ = {isa = PBXBuildFile; fileRef = DB128CB71CA97E540086FEE6 /* AppDelegate.swift */; };
		DB128CBA1CA97E540086FEE6 /* ViewController.swift in Sources */ = {isa = PBXBuildFile; fileRef = DB128CB91CA97E540086FEE6 /* ViewController.swift */; };
		DB128CBD1CA97E540086FEE6 /* Main.storyboard in Resources */ = {isa = PBXBuildFile; fileRef = DB128CBB1CA97E540086FEE6 /* Main.storyboard */; };
		DB128CBF1CA97E550086FEE6 /* Assets.xcassets in Resources */ = {isa = PBXBuildFile; fileRef = DB128CBE1CA97E550086FEE6 /* Assets.xcassets */; };
		DB128CC21CA97E550086FEE6 /* LaunchScreen.storyboard in Resources */ = {isa = PBXBuildFile; fileRef = DB128CC01CA97E550086FEE6 /* LaunchScreen.storyboard */; };
/* End PBXBuildFile section */

/* Begin PBXFileReference section */
		DB128CB41CA97E540086FEE6 /* SupperCoolFristApp.app */ = {isa = PBXFileReference; explicitFileType = wrapper.application; includeInIndex = 0; path = SupperCoolFristApp.app; sourceTree = BUILT_PRODUCTS_DIR; };
		DB128CB71CA97E540086FEE6 /* AppDelegate.swift */ = {isa = PBXFileReference; lastKnownFileType = sourcecode.swift; path = AppDelegate.swift; sourceTree = "<group>"; };
		DB128CB91CA97E540086FEE6 /* ViewController.swift */ = {isa = PBXFileReference; lastKnownFileType = sourcecode.swift; path = ViewController.swift; sourceTree = "<group>"; };
		DB128CBC1CA97E540086FEE6 /* Base */ = {isa = PBXFileReference; lastKnownFileType = file.storyboard; name = Base; path = Base.lproj/Main.storyboard; sourceTree = "<group>"; };
		DB128CBE1CA97E550086FEE6 /* Assets.xcassets */ = {isa = PBXFileReference; lastKnownFileType = folder.assetcatalog; path = Assets.xcassets; sourceTree = "<group>"; };
		DB128CC11CA97E550086FEE6 /* Base */ = {isa = PBXFileReference; lastKnownFileType = file.storyboard; name = Base; path = Base.lproj/LaunchScreen.storyboard; sourceTree = "<group>"; };
		DB128CC31CA97E550086FEE6 /* Info.plist */ = {isa = PBXFileReference; lastKnownFileType = text.plist.xml; path = Info.plist; sourceTree = "<group>"; };
/* End PBXFileReference section */

/* Begin PBXFrameworksBuildPhase section */
		DB128CB11CA97E540086FEE6 /* Frameworks */ = {
			isa = PBXFrameworksBuildPhase;
			buildActionMask = 2147483647;
			files = (
			);
			runOnlyForDeploymentPostprocessing = 0;
		};
/* End PBXFrameworksBuildPhase section */

/* Begin PBXGroup section */
		DB128CAB1CA97E530086FEE6 = {
			isa = PBXGroup;
			children = (
				DB128CB61CA97E540086FEE6 /* SupperCoolFristApp */,
				DB128CB51CA97E540086FEE6 /* Products */,
			);
			sourceTree = "<group>";
		};
		DB128CB51CA97E540086FEE6 /* Products */ = {
			isa = PBXGroup;
			children = (
				DB128CB41CA97E540086FEE6 /* SupperCoolFristApp.app */,
			);
			name = Products;
			sourceTree = "<group>";
		};
		DB128CB61CA97E540086FEE6 /* SupperCoolFristApp */ = {
			isa = PBXGroup;
			children = (
				DB128CB71CA97E540086FEE6 /* AppDelegate.swift */,
				DB128CB91CA97E540086FEE6 /* ViewController.swift */,
				DB128CBB1CA97E540086FEE6 /* Main.storyboard */,
				DB128CBE1CA97E550086FEE6 /* Assets.xcassets */,
				DB128CC01CA97E550086FEE6 /* LaunchScreen.storyboard */,
				DB128CC31CA97E550086FEE6 /* Info.plist */,
			);
			path = SupperCoolFristApp;
			sourceTree = "<group>";
		};
/* End PBXGroup section */

/* Begin PBXNativeTarget section */
		DB128CB31CA97E540086FEE6 /* SupperCoolFristApp */ = {
			isa = PBXNativeTarget;
			buildConfigurationList = DB128CC61CA97E550086FEE6 /* Build configuration list for PBXNativeTarget "SupperCoolFristApp" */;
			buildPhases = (
				DB128CB01CA97E540086FEE6 /* Sources */,
				DB128CB11CA97E540086FEE6 /* Frameworks */,
				DB128CB21CA97E540086FEE6 /* Resources */,
			);
			buildRules = (
			);
			dependencies = (
			);
			name = SupperCoolFristApp;
			productName = SupperCoolFristApp;
			productReference = DB128CB41CA97E540086FEE6 /* SupperCoolFristApp.app */;
			productType = "com.apple.product-type.application";
		};
/* End PBXNativeTarget section */

/* Begin PBXProject section */
		DB128CAC1CA97E540086FEE6 /* Project object */ = {
			isa = PBXProject;
			attributes = {
				LastSwiftUpdateCheck = 0730;
				LastUpgradeCheck = 0730;
				ORGANIZATIONNAME = XYZ;
				TargetAttributes = {
					DB128CB31CA97E540086FEE6 = {
						CreatedOnToolsVersion = 7.3;
					};
				};
			};
			buildConfigurationList = DB128CAF1CA97E540086FEE6 /* Build configuration list for PBXProject "SupperCoolFristApp" */;
			compatibilityVersion = "Xcode 3.2";
			developmentRegion = English;
			hasScannedForEncodings = 0;
			knownRegions = (
				en,
				Base,
			);
			mainGroup = DB128CAB1CA97E530086FEE6;
			productRefGroup = DB128CB51CA97E540086FEE6 /* Products */;
			projectDirPath = "";
			projectRoot = "";
			targets = (
				DB128CB31CA97E540086FEE6 /* SupperCoolFristApp */,
			);
		};
/* End PBXProject section */

/* Begin PBXResourcesBuildPhase section */
		DB128CB21CA97E540086FEE6 /* Resources */ = {
			isa = PBXResourcesBuildPhase;
			buildActionMask = 2147483647;
			files = (
				DB128CC21CA97E550086FEE6 /* LaunchScreen.storyboard in Resources */,
				DB128CBF1CA97E550086FEE6 /* Assets.xcassets in Resources */,
				DB128CBD1CA97E540086FEE6 /* Main.storyboard in Resources */,
			);
			runOnlyForDeploymentPostprocessing = 0;
		};
/* End PBXResourcesBuildPhase section */

/* Begin PBXSourcesBuildPhase section */
		DB128CB01CA97E540086FEE6 /* Sources */ = {
			isa = PBXSourcesBuildPhase;
			buildActionMask = 2147483647;
			files = (
				DB128CBA1CA97E540086FEE6 /* ViewController.swift in Sources */,
				DB128CB81CA97E540086FEE6 /* AppDelegate.swift in Sources */,
			);
			runOnlyForDeploymentPostprocessing = 0;
		};
/* End PBXSourcesBuildPhase section */

/* Begin PBXVariantGroup section */
		DB128CBB1CA97E540086FEE6 /* Main.storyboard */ = {
			isa = PBXVariantGroup;
			children = (
				DB128CBC1CA97E540086FEE6 /* Base */,
			);
			name = Main.storyboard;
			sourceTree = "<group>";
		};
		DB128CC01CA97E550086FEE6 /* LaunchScreen.storyboard */ = {
			isa = PBXVariantGroup;
			children = (
				DB128CC11CA97E550086FEE6 /* Base */,
			);
			name = LaunchScreen.storyboard;
			sourceTree = "<group>";
		};
/* End PBXVariantGroup section */

/* Begin XCBuildConfiguration section */
		DB128CC41CA97E550086FEE6 /* Debug */ = {
			isa = XCBuildConfiguration;
			buildSettings = {
				ALWAYS_SEARCH_USER_PATHS = NO;
				CLANG_ANALYZER_NONNULL = YES;
				CLANG_CXX_LANGUAGE_STANDARD = "gnu++0x";
				CLANG_CXX_LIBRARY = "libc++";
				CLANG_ENABLE_MODULES = YES;
				CLANG_ENABLE_OBJC_ARC = YES;
				CLANG_WARN_BOOL_CONVERSION = YES;
				CLANG_WARN_CONSTANT_CONVERSION = YES;
				CLANG_WARN_DIRECT_OBJC_ISA_USAGE = YES_ERROR;
				CLANG_WARN_EMPTY_BODY = YES;
				CLANG_WARN_ENUM_CONVERSION = YES;
				CLANG_WARN_INT_CONVERSION = YES;
				CLANG_WARN_OBJC_ROOT_CLASS = YES_ERROR;
				CLANG_WARN_UNREACHABLE_CODE = YES;
				CLANG_WARN__DUPLICATE_METHOD_MATCH = YES;
				"CODE_SIGN_IDENTITY[sdk=iphoneos*]" = "iPhone Developer";
				COPY_PHASE_STRIP = NO;
				DEBUG_INFORMATION_FORMAT = dwarf;
				ENABLE_STRICT_OBJC_MSGSEND = YES;
				ENABLE_TESTABILITY = YES;
				GCC_C_LANGUAGE_STANDARD = gnu99;
				GCC_DYNAMIC_NO_PIC = NO;
				GCC_NO_COMMON_BLOCKS = YES;
				GCC_OPTIMIZATION_LEVEL = 0;
				GCC_PREPROCESSOR_DEFINITIONS = (
					"DEBUG=1",
					"$(inherited)",
				);
				GCC_WARN_64_TO_32_BIT_CONVERSION = YES;
				GCC_WARN_ABOUT_RETURN_TYPE = YES_ERROR;
				GCC_WARN_UNDECLARED_SELECTOR = YES;
				GCC_WARN_UNINITIALIZED_AUTOS = YES_AGGRESSIVE;
				GCC_WARN_UNUSED_FUNCTION = YES;
				GCC_WARN_UNUSED_VARIABLE = YES;
				IPHONEOS_DEPLOYMENT_TARGET = 9.3;
				MTL_ENABLE_DEBUG_INFO = YES;
				ONLY_ACTIVE_ARCH = YES;
				SDKROOT = iphoneos;
				SWIFT_OPTIMIZATION_LEVEL = "-Onone";
			};
			name = Debug;
		};
		DB128CC51CA97E550086FEE6 /* Release */ = {
			isa = XCBuildConfiguration;
			buildSettings = {
				ALWAYS_SEARCH_USER_PATHS = NO;
				CLANG_ANALYZER_NONNULL = YES;
				CLANG_CXX_LANGUAGE_STANDARD = "gnu++0x";
				CLANG_CXX_LIBRARY = "libc++";
				CLANG_ENABLE_MODULES = YES;
				CLANG_ENABLE_OBJC_ARC = YES;
				CLANG_WARN_BOOL_CONVERSION = YES;
				CLANG_WARN_CONSTANT_CONVERSION = YES;
				CLANG_WARN_DIRECT_OBJC_ISA_USAGE = YES_ERROR;
				CLANG_WARN_EMPTY_BODY = YES;
				CLANG_WARN_ENUM_CONVERSION = YES;
				CLANG_WARN_INT_CONVERSION = YES;
				CLANG_WARN_OBJC_ROOT_CLASS = YES_ERROR;
				CLANG_WARN_UNREACHABLE_CODE = YES;
				CLANG_WARN__DUPLICATE_METHOD_MATCH = YES;
				"CODE_SIGN_IDENTITY[sdk=iphoneos*]" = "iPhone Developer";
				COPY_PHASE_STRIP = NO;
				DEBUG_INFORMATION_FORMAT = "dwarf-with-dsym";
				ENABLE_NS_ASSERTIONS = NO;
				ENABLE_STRICT_OBJC_MSGSEND = YES;
				GCC_C_LANGUAGE_STANDARD = gnu99;
				GCC_NO_COMMON_BLOCKS = YES;
				GCC_WARN_64_TO_32_BIT_CONVERSION = YES;
				GCC_WARN_ABOUT_RETURN_TYPE = YES_ERROR;
				GCC_WARN_UNDECLARED_SELECTOR = YES;
				GCC_WARN_UNINITIALIZED_AUTOS = YES_AGGRESSIVE;
				GCC_WARN_UNUSED_FUNCTION = YES;
				GCC_WARN_UNUSED_VARIABLE = YES;
				IPHONEOS_DEPLOYMENT_TARGET = 9.3;
				MTL_ENABLE_DEBUG_INFO = NO;
				SDKROOT = iphoneos;
				VALIDATE_PRODUCT = YES;
			};
			name = Release;
		};
		DB128CC71CA97E550086FEE6 /* Debug */ = {
			isa = XCBuildConfiguration;
			buildSettings = {
				ASSETCATALOG_COMPILER_APPICON_NAME = AppIcon;
				INFOPLIST_FILE = SupperCoolFristApp/Info.plist;
				LD_RUNPATH_SEARCH_PATHS = "$(inherited) @executable_path/Frameworks";
				PRODUCT_BUNDLE_IDENTIFIER = com.soulxsense.SupperCoolFristApp;
				PRODUCT_NAME = "$(TARGET_NAME)";
			};
			name = Debug;
		};
		DB128CC81CA97E550086FEE6 /* Release */ = {
			isa = XCBuildConfiguration;
			buildSettings = {
				ASSETCATALOG_COMPILER_APPICON_NAME = AppIcon;
				INFOPLIST_FILE = SupperCoolFristApp/Info.plist;
				LD_RUNPATH_SEARCH_PATHS = "$(inherited) @executable_path/Frameworks";
				PRODUCT_BUNDLE_IDENTIFIER = com.soulxsense.SupperCoolFristApp;
				PRODUCT_NAME = "$(TARGET_NAME)";
			};
			name = Release;
		};
/* End XCBuildConfiguration section */

/* Begin XCConfigurationList section */
		DB128CAF1CA97E540086FEE6 /* Build configuration list for PBXProject "SupperCoolFristApp" */ = {
			isa = XCConfigurationList;
			buildConfigurations = (
				DB128CC41CA97E550086FEE6 /* Debug */,
				DB128CC51CA97E550086FEE6 /* Release */,
			);
			defaultConfigurationIsVisible = 0;
			defaultConfigurationName = Release;
		};
		DB128CC61CA97E550086FEE6 /* Build configuration list for PBXNativeTarget "SupperCoolFristApp" */ = {
			isa = XCConfigurationList;
			buildConfigurations = (
				DB128CC71CA97E550086FEE6 /* Debug */,
				DB128CC81CA97E550086FEE6 /* Release */,
			);
			defaultConfigurationIsVisible = 0;
		};
/* End XCConfigurationList section */
	};
	rootObject = DB128CAC1CA97E540086FEE6 /* Project object */;
}
